
Microsoft Visual Studio Solution File, Format Version 12.00
# Visual Studio Version 16
VisualStudioVersion = 16.0.31019.35
MinimumVisualStudioVersion = 10.0.40219.1
Project("{FAE04EC0-301F-11D3-BF4B-00C04F79EFBC}") = "TCP_Chat_Server", "TCP_Chat_Server\TCP_Chat_Server.csproj", "{21CE7BE7-5079-4C82-8E90-DF4E0DE2349F}"
EndProject
Project("{FAE04EC0-301F-11D3-BF4B-00C04F79EFBC}") = "TCP_Chat_Client", "TCP_Chat_Client\TCP_Chat_Client.csproj", "{033C26AC-C984-4D52-9B7C-0F9AA611ACA8}"
EndProject
Global
	GlobalSection(SolutionConfigurationPlatforms) = preSolution
		Debug|Any CPU = Debug|Any CPU
		Release|Any CPU = Release|Any CPU
	EndGlobalSection
	GlobalSection(ProjectConfigurationPlatforms) = postSolution
		{21CE7BE7-5079-4C82-8E90-DF4E0DE2349F}.Debug|Any CPU.ActiveCfg = Debug|Any CPU
		{21CE7BE7-5079-4C82-8E90-DF4E0DE2349F}.Debug|Any CPU.Build.0 = Debug|Any CPU
		{21CE7BE7-5079-4C82-8E90-DF4E0DE2349F}.Release|Any CPU.ActiveCfg = Release|Any CPU
		{21CE7BE7-5079-4C82-8E90-DF4E0DE2349F}.Release|Any CPU.Build.0 = Release|Any CPU
		{033C26AC-C984-4D52-9B7C-0F9AA611ACA8}.Debug|Any CPU.ActiveCfg = Debug|Any CPU
		{033C26AC-C984-4D52-9B7C-0F9AA611ACA8}.Debug|Any CPU.Build.0 = Debug|Any CPU
		{033C26AC-C984-4D52-9B7C-0F9AA611ACA8}.Release|Any CPU.ActiveCfg = Release|Any CPU
		{033C26AC-C984-4D52-9B7C-0F9AA611ACA8}.Release|Any CPU.Build.0 = Release|Any CPU
	EndGlobalSection
	GlobalSection(SolutionProperties) = preSolution
		HideSolutionNode = FALSE
	EndGlobalSection
	GlobalSection(ExtensibilityGlobals) = postSolution
		SolutionGuid = {6EFC14B6-E2B0-4954-A76E-70FF9284C083}
	EndGlobalSection
EndGlobal
